
Microsoft Visual Studio Solution File, Format Version 12.00
# Visual Studio Version 17
VisualStudioVersion = 17.3.32922.545
MinimumVisualStudioVersion = 10.0.40219.1
Project("{FAE04EC0-301F-11D3-BF4B-00C04F79EFBC}") = "PRUEBA_TECNICA_5", "PRUEBA_TECNICA_5\PRUEBA_TECNICA_5.csproj", "{53FFAB58-2796-492D-81E4-07DBE9F0BB92}"
EndProject
Global
	GlobalSection(SolutionConfigurationPlatforms) = preSolution
		Debug|Any CPU = Debug|Any CPU
		Release|Any CPU = Release|Any CPU
	EndGlobalSection
	GlobalSection(ProjectConfigurationPlatforms) = postSolution
		{53FFAB58-2796-492D-81E4-07DBE9F0BB92}.Debug|Any CPU.ActiveCfg = Debug|Any CPU
		{53FFAB58-2796-492D-81E4-07DBE9F0BB92}.Debug|Any CPU.Build.0 = Debug|Any CPU
		{53FFAB58-2796-492D-81E4-07DBE9F0BB92}.Release|Any CPU.ActiveCfg = Release|Any CPU
		{53FFAB58-2796-492D-81E4-07DBE9F0BB92}.Release|Any CPU.Build.0 = Release|Any CPU
	EndGlobalSection
	GlobalSection(SolutionProperties) = preSolution
		HideSolutionNode = FALSE
	EndGlobalSection
	GlobalSection(ExtensibilityGlobals) = postSolution
		SolutionGuid = {3C22715E-7775-4672-AC5D-67816D603736}
	EndGlobalSection
EndGlobal
